
Microsoft Visual Studio Solution File, Format Version 12.00
# Visual Studio Version 16
VisualStudioVersion = 16.0.31229.75
MinimumVisualStudioVersion = 10.0.40219.1
Project("{FAE04EC0-301F-11D3-BF4B-00C04F79EFBC}") = "Movies", "Movies\Movies.csproj", "{1907B0C0-A6CE-4FEB-9936-BEE7929F2CEE}"
EndProject
Project("{FAE04EC0-301F-11D3-BF4B-00C04F79EFBC}") = "Data", "Data\Data.csproj", "{05C76D80-F810-4D2B-A74F-6FAED053820F}"
EndProject
Project("{FAE04EC0-301F-11D3-BF4B-00C04F79EFBC}") = "Models", "Models\Models.csproj", "{176DB8B8-27B2-488D-9961-DE088EB094D2}"
EndProject
Project("{FAE04EC0-301F-11D3-BF4B-00C04F79EFBC}") = "Services", "Services\Services.csproj", "{987EA6EE-13AE-4C43-8AF5-33358F7B0435}"
EndProject
Global
	GlobalSection(SolutionConfigurationPlatforms) = preSolution
		Debug|Any CPU = Debug|Any CPU
		Release|Any CPU = Release|Any CPU
	EndGlobalSection
	GlobalSection(ProjectConfigurationPlatforms) = postSolution
		{1907B0C0-A6CE-4FEB-9936-BEE7929F2CEE}.Debug|Any CPU.ActiveCfg = Debug|Any CPU
		{1907B0C0-A6CE-4FEB-9936-BEE7929F2CEE}.Debug|Any CPU.Build.0 = Debug|Any CPU
		{1907B0C0-A6CE-4FEB-9936-BEE7929F2CEE}.Release|Any CPU.ActiveCfg = Release|Any CPU
		{1907B0C0-A6CE-4FEB-9936-BEE7929F2CEE}.Release|Any CPU.Build.0 = Release|Any CPU
		{05C76D80-F810-4D2B-A74F-6FAED053820F}.Debug|Any CPU.ActiveCfg = Debug|Any CPU
		{05C76D80-F810-4D2B-A74F-6FAED053820F}.Debug|Any CPU.Build.0 = Debug|Any CPU
		{05C76D80-F810-4D2B-A74F-6FAED053820F}.Release|Any CPU.ActiveCfg = Release|Any CPU
		{05C76D80-F810-4D2B-A74F-6FAED053820F}.Release|Any CPU.Build.0 = Release|Any CPU
		{176DB8B8-27B2-488D-9961-DE088EB094D2}.Debug|Any CPU.ActiveCfg = Debug|Any CPU
		{176DB8B8-27B2-488D-9961-DE088EB094D2}.Debug|Any CPU.Build.0 = Debug|Any CPU
		{176DB8B8-27B2-488D-9961-DE088EB094D2}.Release|Any CPU.ActiveCfg = Release|Any CPU
		{176DB8B8-27B2-488D-9961-DE088EB094D2}.Release|Any CPU.Build.0 = Release|Any CPU
		{987EA6EE-13AE-4C43-8AF5-33358F7B0435}.Debug|Any CPU.ActiveCfg = Debug|Any CPU
		{987EA6EE-13AE-4C43-8AF5-33358F7B0435}.Debug|Any CPU.Build.0 = Debug|Any CPU
		{987EA6EE-13AE-4C43-8AF5-33358F7B0435}.Release|Any CPU.ActiveCfg = Release|Any CPU
		{987EA6EE-13AE-4C43-8AF5-33358F7B0435}.Release|Any CPU.Build.0 = Release|Any CPU
	EndGlobalSection
	GlobalSection(SolutionProperties) = preSolution
		HideSolutionNode = FALSE
	EndGlobalSection
	GlobalSection(ExtensibilityGlobals) = postSolution
		SolutionGuid = {408CFEBB-C051-4A1D-A7B4-1614D9907A85}
	EndGlobalSection
EndGlobal
